
Microsoft Visual Studio Solution File, Format Version 12.00
# Visual Studio Version 17
VisualStudioVersion = 17.11.35312.102
MinimumVisualStudioVersion = 10.0.40219.1
Project("{FAE04EC0-301F-11D3-BF4B-00C04F79EFBC}") = "WebApi1", "WebApi1.csproj", "{AD0A5E60-0F08-4797-8275-E24945579FE6}"
EndProject
Global
	GlobalSection(SolutionConfigurationPlatforms) = preSolution
		Debug|Any CPU = Debug|Any CPU
		Release|Any CPU = Release|Any CPU
	EndGlobalSection
	GlobalSection(ProjectConfigurationPlatforms) = postSolution
		{AD0A5E60-0F08-4797-8275-E24945579FE6}.Debug|Any CPU.ActiveCfg = Debug|Any CPU
		{AD0A5E60-0F08-4797-8275-E24945579FE6}.Debug|Any CPU.Build.0 = Debug|Any CPU
		{AD0A5E60-0F08-4797-8275-E24945579FE6}.Release|Any CPU.ActiveCfg = Release|Any CPU
		{AD0A5E60-0F08-4797-8275-E24945579FE6}.Release|Any CPU.Build.0 = Release|Any CPU
	EndGlobalSection
	GlobalSection(SolutionProperties) = preSolution
		HideSolutionNode = FALSE
	EndGlobalSection
	GlobalSection(ExtensibilityGlobals) = postSolution
		SolutionGuid = {FCCC3787-112A-4E53-91E1-1A9FA147709B}
	EndGlobalSection
EndGlobal
